
Microsoft Visual Studio Solution File, Format Version 12.00
# Visual Studio Version 17
VisualStudioVersion = 17.7.34024.191
MinimumVisualStudioVersion = 10.0.40219.1
Project("{FAE04EC0-301F-11D3-BF4B-00C04F79EFBC}") = "lab0", "lab0\lab0.csproj", "{8A54B5CC-B869-4FD9-92C6-00B3136FF513}"
EndProject
Global
	GlobalSection(SolutionConfigurationPlatforms) = preSolution
		Debug|Any CPU = Debug|Any CPU
		Release|Any CPU = Release|Any CPU
	EndGlobalSection
	GlobalSection(ProjectConfigurationPlatforms) = postSolution
		{8A54B5CC-B869-4FD9-92C6-00B3136FF513}.Debug|Any CPU.ActiveCfg = Debug|Any CPU
		{8A54B5CC-B869-4FD9-92C6-00B3136FF513}.Debug|Any CPU.Build.0 = Debug|Any CPU
		{8A54B5CC-B869-4FD9-92C6-00B3136FF513}.Release|Any CPU.ActiveCfg = Release|Any CPU
		{8A54B5CC-B869-4FD9-92C6-00B3136FF513}.Release|Any CPU.Build.0 = Release|Any CPU
	EndGlobalSection
	GlobalSection(SolutionProperties) = preSolution
		HideSolutionNode = FALSE
	EndGlobalSection
	GlobalSection(ExtensibilityGlobals) = postSolution
		SolutionGuid = {736BA143-8D5A-4302-8BA3-B7926A62C4E5}
	EndGlobalSection
EndGlobal
